
Microsoft Visual Studio Solution File, Format Version 12.00
Project("{FAE04EC0-301F-11D3-BF4B-00C04F79EFBC}") = "AirCampusTask", "AirCampusTask\AirCampusTask\AirCampusTask.csproj", "{AF392CFA-D006-404E-91C2-43C78339CAB6}"
EndProject
Project("{FAE04EC0-301F-11D3-BF4B-00C04F79EFBC}") = "AirCampusTask.Android", "AirCampusTask\AirCampusTask.Android\AirCampusTask.Android.csproj", "{57CE1B53-2862-4193-922E-3BC45DADAA3C}"
EndProject
Project("{FAE04EC0-301F-11D3-BF4B-00C04F79EFBC}") = "AirCampusTask.iOS", "AirCampusTask\AirCampusTask.iOS\AirCampusTask.iOS.csproj", "{FC5590E2-4643-40B9-8433-0453D7907C1B}"
EndProject
Global
	GlobalSection(SolutionConfigurationPlatforms) = preSolution
		Ad-Hoc|iPhone = Ad-Hoc|iPhone
		AppStore|iPhone = AppStore|iPhone
		Debug|Any CPU = Debug|Any CPU
		Debug|iPhone = Debug|iPhone
		Debug|iPhoneSimulator = Debug|iPhoneSimulator
		Release|Any CPU = Release|Any CPU
		Release|iPhone = Release|iPhone
		Release|iPhoneSimulator = Release|iPhoneSimulator
	EndGlobalSection
	GlobalSection(ProjectConfigurationPlatforms) = postSolution
		{AF392CFA-D006-404E-91C2-43C78339CAB6}.Ad-Hoc|iPhone.ActiveCfg = Debug|Any CPU
		{AF392CFA-D006-404E-91C2-43C78339CAB6}.Ad-Hoc|iPhone.Build.0 = Debug|Any CPU
		{AF392CFA-D006-404E-91C2-43C78339CAB6}.AppStore|iPhone.ActiveCfg = Debug|Any CPU
		{AF392CFA-D006-404E-91C2-43C78339CAB6}.AppStore|iPhone.Build.0 = Debug|Any CPU
		{AF392CFA-D006-404E-91C2-43C78339CAB6}.Debug|Any CPU.ActiveCfg = Debug|Any CPU
		{AF392CFA-D006-404E-91C2-43C78339CAB6}.Debug|Any CPU.Build.0 = Debug|Any CPU
		{AF392CFA-D006-404E-91C2-43C78339CAB6}.Debug|iPhone.ActiveCfg = Debug|Any CPU
		{AF392CFA-D006-404E-91C2-43C78339CAB6}.Debug|iPhone.Build.0 = Debug|Any CPU
		{AF392CFA-D006-404E-91C2-43C78339CAB6}.Debug|iPhoneSimulator.ActiveCfg = Debug|Any CPU
		{AF392CFA-D006-404E-91C2-43C78339CAB6}.Debug|iPhoneSimulator.Build.0 = Debug|Any CPU
		{AF392CFA-D006-404E-91C2-43C78339CAB6}.Release|Any CPU.ActiveCfg = Release|Any CPU
		{AF392CFA-D006-404E-91C2-43C78339CAB6}.Release|Any CPU.Build.0 = Release|Any CPU
		{AF392CFA-D006-404E-91C2-43C78339CAB6}.Release|iPhone.ActiveCfg = Release|Any CPU
		{AF392CFA-D006-404E-91C2-43C78339CAB6}.Release|iPhone.Build.0 = Release|Any CPU
		{AF392CFA-D006-404E-91C2-43C78339CAB6}.Release|iPhoneSimulator.ActiveCfg = Release|Any CPU
		{AF392CFA-D006-404E-91C2-43C78339CAB6}.Release|iPhoneSimulator.Build.0 = Release|Any CPU
		{57CE1B53-2862-4193-922E-3BC45DADAA3C}.Ad-Hoc|iPhone.ActiveCfg = Debug|Any CPU
		{57CE1B53-2862-4193-922E-3BC45DADAA3C}.Ad-Hoc|iPhone.Build.0 = Debug|Any CPU
		{57CE1B53-2862-4193-922E-3BC45DADAA3C}.Ad-Hoc|iPhone.Deploy.0 = Debug|Any CPU
		{57CE1B53-2862-4193-922E-3BC45DADAA3C}.AppStore|iPhone.ActiveCfg = Debug|Any CPU
		{57CE1B53-2862-4193-922E-3BC45DADAA3C}.AppStore|iPhone.Build.0 = Debug|Any CPU
		{57CE1B53-2862-4193-922E-3BC45DADAA3C}.AppStore|iPhone.Deploy.0 = Debug|Any CPU
		{57CE1B53-2862-4193-922E-3BC45DADAA3C}.Debug|Any CPU.ActiveCfg = Debug|Any CPU
		{57CE1B53-2862-4193-922E-3BC45DADAA3C}.Debug|Any CPU.Build.0 = Debug|Any CPU
		{57CE1B53-2862-4193-922E-3BC45DADAA3C}.Debug|Any CPU.Deploy.0 = Debug|Any CPU
		{57CE1B53-2862-4193-922E-3BC45DADAA3C}.Debug|iPhone.ActiveCfg = Debug|Any CPU
		{57CE1B53-2862-4193-922E-3BC45DADAA3C}.Debug|iPhone.Build.0 = Debug|Any CPU
		{57CE1B53-2862-4193-922E-3BC45DADAA3C}.Debug|iPhone.Deploy.0 = Debug|Any CPU
		{57CE1B53-2862-4193-922E-3BC45DADAA3C}.Debug|iPhoneSimulator.ActiveCfg = Debug|Any CPU
		{57CE1B53-2862-4193-922E-3BC45DADAA3C}.Debug|iPhoneSimulator.Build.0 = Debug|Any CPU
		{57CE1B53-2862-4193-922E-3BC45DADAA3C}.Debug|iPhoneSimulator.Deploy.0 = Debug|Any CPU
		{57CE1B53-2862-4193-922E-3BC45DADAA3C}.Release|Any CPU.ActiveCfg = Release|Any CPU
		{57CE1B53-2862-4193-922E-3BC45DADAA3C}.Release|Any CPU.Build.0 = Release|Any CPU
		{57CE1B53-2862-4193-922E-3BC45DADAA3C}.Release|Any CPU.Deploy.0 = Release|Any CPU
		{57CE1B53-2862-4193-922E-3BC45DADAA3C}.Release|iPhone.ActiveCfg = Release|Any CPU
		{57CE1B53-2862-4193-922E-3BC45DADAA3C}.Release|iPhone.Build.0 = Release|Any CPU
		{57CE1B53-2862-4193-922E-3BC45DADAA3C}.Release|iPhone.Deploy.0 = Release|Any CPU
		{57CE1B53-2862-4193-922E-3BC45DADAA3C}.Release|iPhoneSimulator.ActiveCfg = Release|Any CPU
		{57CE1B53-2862-4193-922E-3BC45DADAA3C}.Release|iPhoneSimulator.Build.0 = Release|Any CPU
		{57CE1B53-2862-4193-922E-3BC45DADAA3C}.Release|iPhoneSimulator.Deploy.0 = Release|Any CPU
		{FC5590E2-4643-40B9-8433-0453D7907C1B}.Ad-Hoc|iPhone.ActiveCfg = Ad-Hoc|iPhone
		{FC5590E2-4643-40B9-8433-0453D7907C1B}.Ad-Hoc|iPhone.Build.0 = Ad-Hoc|iPhone
		{FC5590E2-4643-40B9-8433-0453D7907C1B}.Ad-Hoc|iPhone.Deploy.0 = Ad-Hoc|iPhone
		{FC5590E2-4643-40B9-8433-0453D7907C1B}.AppStore|iPhone.ActiveCfg = AppStore|iPhone
		{FC5590E2-4643-40B9-8433-0453D7907C1B}.AppStore|iPhone.Build.0 = AppStore|iPhone
		{FC5590E2-4643-40B9-8433-0453D7907C1B}.AppStore|iPhone.Deploy.0 = AppStore|iPhone
		{FC5590E2-4643-40B9-8433-0453D7907C1B}.Debug|Any CPU.ActiveCfg = Debug|iPhoneSimulator
		{FC5590E2-4643-40B9-8433-0453D7907C1B}.Debug|Any CPU.Build.0 = Debug|iPhoneSimulator
		{FC5590E2-4643-40B9-8433-0453D7907C1B}.Debug|Any CPU.Deploy.0 = Debug|iPhoneSimulator
		{FC5590E2-4643-40B9-8433-0453D7907C1B}.Debug|iPhone.ActiveCfg = Debug|iPhone
		{FC5590E2-4643-40B9-8433-0453D7907C1B}.Debug|iPhone.Build.0 = Debug|iPhone
		{FC5590E2-4643-40B9-8433-0453D7907C1B}.Debug|iPhone.Deploy.0 = Debug|iPhone
		{FC5590E2-4643-40B9-8433-0453D7907C1B}.Debug|iPhoneSimulator.ActiveCfg = Debug|iPhoneSimulator
		{FC5590E2-4643-40B9-8433-0453D7907C1B}.Debug|iPhoneSimulator.Build.0 = Debug|iPhoneSimulator
		{FC5590E2-4643-40B9-8433-0453D7907C1B}.Debug|iPhoneSimulator.Deploy.0 = Debug|iPhoneSimulator
		{FC5590E2-4643-40B9-8433-0453D7907C1B}.Release|Any CPU.ActiveCfg = Release|iPhoneSimulator
		{FC5590E2-4643-40B9-8433-0453D7907C1B}.Release|Any CPU.Build.0 = Release|iPhoneSimulator
		{FC5590E2-4643-40B9-8433-0453D7907C1B}.Release|Any CPU.Deploy.0 = Release|iPhoneSimulator
		{FC5590E2-4643-40B9-8433-0453D7907C1B}.Release|iPhone.ActiveCfg = Release|iPhone
		{FC5590E2-4643-40B9-8433-0453D7907C1B}.Release|iPhone.Build.0 = Release|iPhone
		{FC5590E2-4643-40B9-8433-0453D7907C1B}.Release|iPhone.Deploy.0 = Release|iPhone
		{FC5590E2-4643-40B9-8433-0453D7907C1B}.Release|iPhoneSimulator.ActiveCfg = Release|iPhoneSimulator
		{FC5590E2-4643-40B9-8433-0453D7907C1B}.Release|iPhoneSimulator.Build.0 = Release|iPhoneSimulator
		{FC5590E2-4643-40B9-8433-0453D7907C1B}.Release|iPhoneSimulator.Deploy.0 = Release|iPhoneSimulator
	EndGlobalSection
EndGlobal
